
Microsoft Visual Studio Solution File, Format Version 12.00
# Visual Studio Version 17
VisualStudioVersion = 17.0.31903.59
MinimumVisualStudioVersion = 10.0.40219.1
Project("{2150E333-8FDC-42A3-9474-1A3956D46DE8}") = "src", "src", "{827E0CD3-B72D-47B6-A68D-7590B98EB39B}"
EndProject
Project("{FAE04EC0-301F-11D3-BF4B-00C04F79EFBC}") = "ProductApp.Domain", "src\ProductApp.Domain\ProductApp.Domain.csproj", "{4F2745A1-FEA6-490D-8918-FD0BFBE0DC84}"
EndProject
Project("{FAE04EC0-301F-11D3-BF4B-00C04F79EFBC}") = "ProductApp.Application", "src\ProductApp.Application\ProductApp.Application.csproj", "{036CFE70-FE77-471F-94BA-462BEB348179}"
EndProject
Project("{FAE04EC0-301F-11D3-BF4B-00C04F79EFBC}") = "ProductApp.Infrastructure", "src\ProductApp.Infrastructure\ProductApp.Infrastructure.csproj", "{67F6318B-8BE7-48EB-A4F7-E249F030A19F}"
EndProject
Project("{FAE04EC0-301F-11D3-BF4B-00C04F79EFBC}") = "ProductApp.Api", "src\ProductApp.Api\ProductApp.Api.csproj", "{48214FF1-44A3-4105-AA7C-B463E73F03D2}"
EndProject
Project("{2150E333-8FDC-42A3-9474-1A3956D46DE8}") = "tests", "tests", "{0AB3BF05-4346-4AA6-1389-037BE0695223}"
EndProject
Project("{FAE04EC0-301F-11D3-BF4B-00C04F79EFBC}") = "ProductApp.Domain.Tests", "tests\ProductApp.Domain.Tests\ProductApp.Domain.Tests.csproj", "{30EC3E99-08D6-4476-AA83-85BD98F33099}"
EndProject
Project("{FAE04EC0-301F-11D3-BF4B-00C04F79EFBC}") = "ProductApp.Application.Tests", "tests\ProductApp.Application.Tests\ProductApp.Application.Tests.csproj", "{0D4468CF-6BCF-472E-9F07-B29351BCA451}"
EndProject
Project("{FAE04EC0-301F-11D3-BF4B-00C04F79EFBC}") = "ProductApp.Infrastructure.Tests", "tests\ProductApp.Infrastructure.Tests\ProductApp.Infrastructure.Tests.csproj", "{21B95CCE-448D-4E52-8788-933C6F28185E}"
EndProject
Project("{FAE04EC0-301F-11D3-BF4B-00C04F79EFBC}") = "ProductApp.Api.Tests", "tests\ProductApp.Api.Tests\ProductApp.Api.Tests.csproj", "{7B23DE0F-9B9D-40BF-913A-EE22B63317AE}"
EndProject
Global
	GlobalSection(SolutionConfigurationPlatforms) = preSolution
		Debug|Any CPU = Debug|Any CPU
		Debug|x64 = Debug|x64
		Debug|x86 = Debug|x86
		Release|Any CPU = Release|Any CPU
		Release|x64 = Release|x64
		Release|x86 = Release|x86
	EndGlobalSection
	GlobalSection(ProjectConfigurationPlatforms) = postSolution
		{4F2745A1-FEA6-490D-8918-FD0BFBE0DC84}.Debug|Any CPU.ActiveCfg = Debug|Any CPU
		{4F2745A1-FEA6-490D-8918-FD0BFBE0DC84}.Debug|Any CPU.Build.0 = Debug|Any CPU
		{4F2745A1-FEA6-490D-8918-FD0BFBE0DC84}.Debug|x64.ActiveCfg = Debug|Any CPU
		{4F2745A1-FEA6-490D-8918-FD0BFBE0DC84}.Debug|x64.Build.0 = Debug|Any CPU
		{4F2745A1-FEA6-490D-8918-FD0BFBE0DC84}.Debug|x86.ActiveCfg = Debug|Any CPU
		{4F2745A1-FEA6-490D-8918-FD0BFBE0DC84}.Debug|x86.Build.0 = Debug|Any CPU
		{4F2745A1-FEA6-490D-8918-FD0BFBE0DC84}.Release|Any CPU.ActiveCfg = Release|Any CPU
		{4F2745A1-FEA6-490D-8918-FD0BFBE0DC84}.Release|Any CPU.Build.0 = Release|Any CPU
		{4F2745A1-FEA6-490D-8918-FD0BFBE0DC84}.Release|x64.ActiveCfg = Release|Any CPU
		{4F2745A1-FEA6-490D-8918-FD0BFBE0DC84}.Release|x64.Build.0 = Release|Any CPU
		{4F2745A1-FEA6-490D-8918-FD0BFBE0DC84}.Release|x86.ActiveCfg = Release|Any CPU
		{4F2745A1-FEA6-490D-8918-FD0BFBE0DC84}.Release|x86.Build.0 = Release|Any CPU
		{036CFE70-FE77-471F-94BA-462BEB348179}.Debug|Any CPU.ActiveCfg = Debug|Any CPU
		{036CFE70-FE77-471F-94BA-462BEB348179}.Debug|Any CPU.Build.0 = Debug|Any CPU
		{036CFE70-FE77-471F-94BA-462BEB348179}.Debug|x64.ActiveCfg = Debug|Any CPU
		{036CFE70-FE77-471F-94BA-462BEB348179}.Debug|x64.Build.0 = Debug|Any CPU
		{036CFE70-FE77-471F-94BA-462BEB348179}.Debug|x86.ActiveCfg = Debug|Any CPU
		{036CFE70-FE77-471F-94BA-462BEB348179}.Debug|x86.Build.0 = Debug|Any CPU
		{036CFE70-FE77-471F-94BA-462BEB348179}.Release|Any CPU.ActiveCfg = Release|Any CPU
		{036CFE70-FE77-471F-94BA-462BEB348179}.Release|Any CPU.Build.0 = Release|Any CPU
		{036CFE70-FE77-471F-94BA-462BEB348179}.Release|x64.ActiveCfg = Release|Any CPU
		{036CFE70-FE77-471F-94BA-462BEB348179}.Release|x64.Build.0 = Release|Any CPU
		{036CFE70-FE77-471F-94BA-462BEB348179}.Release|x86.ActiveCfg = Release|Any CPU
		{036CFE70-FE77-471F-94BA-462BEB348179}.Release|x86.Build.0 = Release|Any CPU
		{67F6318B-8BE7-48EB-A4F7-E249F030A19F}.Debug|Any CPU.ActiveCfg = Debug|Any CPU
		{67F6318B-8BE7-48EB-A4F7-E249F030A19F}.Debug|Any CPU.Build.0 = Debug|Any CPU
		{67F6318B-8BE7-48EB-A4F7-E249F030A19F}.Debug|x64.ActiveCfg = Debug|Any CPU
		{67F6318B-8BE7-48EB-A4F7-E249F030A19F}.Debug|x64.Build.0 = Debug|Any CPU
		{67F6318B-8BE7-48EB-A4F7-E249F030A19F}.Debug|x86.ActiveCfg = Debug|Any CPU
		{67F6318B-8BE7-48EB-A4F7-E249F030A19F}.Debug|x86.Build.0 = Debug|Any CPU
		{67F6318B-8BE7-48EB-A4F7-E249F030A19F}.Release|Any CPU.ActiveCfg = Release|Any CPU
		{67F6318B-8BE7-48EB-A4F7-E249F030A19F}.Release|Any CPU.Build.0 = Release|Any CPU
		{67F6318B-8BE7-48EB-A4F7-E249F030A19F}.Release|x64.ActiveCfg = Release|Any CPU
		{67F6318B-8BE7-48EB-A4F7-E249F030A19F}.Release|x64.Build.0 = Release|Any CPU
		{67F6318B-8BE7-48EB-A4F7-E249F030A19F}.Release|x86.ActiveCfg = Release|Any CPU
		{67F6318B-8BE7-48EB-A4F7-E249F030A19F}.Release|x86.Build.0 = Release|Any CPU
		{48214FF1-44A3-4105-AA7C-B463E73F03D2}.Debug|Any CPU.ActiveCfg = Debug|Any CPU
		{48214FF1-44A3-4105-AA7C-B463E73F03D2}.Debug|Any CPU.Build.0 = Debug|Any CPU
		{48214FF1-44A3-4105-AA7C-B463E73F03D2}.Debug|x64.ActiveCfg = Debug|Any CPU
		{48214FF1-44A3-4105-AA7C-B463E73F03D2}.Debug|x64.Build.0 = Debug|Any CPU
		{48214FF1-44A3-4105-AA7C-B463E73F03D2}.Debug|x86.ActiveCfg = Debug|Any CPU
		{48214FF1-44A3-4105-AA7C-B463E73F03D2}.Debug|x86.Build.0 = Debug|Any CPU
		{48214FF1-44A3-4105-AA7C-B463E73F03D2}.Release|Any CPU.ActiveCfg = Release|Any CPU
		{48214FF1-44A3-4105-AA7C-B463E73F03D2}.Release|Any CPU.Build.0 = Release|Any CPU
		{48214FF1-44A3-4105-AA7C-B463E73F03D2}.Release|x64.ActiveCfg = Release|Any CPU
		{48214FF1-44A3-4105-AA7C-B463E73F03D2}.Release|x64.Build.0 = Release|Any CPU
		{48214FF1-44A3-4105-AA7C-B463E73F03D2}.Release|x86.ActiveCfg = Release|Any CPU
		{48214FF1-44A3-4105-AA7C-B463E73F03D2}.Release|x86.Build.0 = Release|Any CPU
		{30EC3E99-08D6-4476-AA83-85BD98F33099}.Debug|Any CPU.ActiveCfg = Debug|Any CPU
		{30EC3E99-08D6-4476-AA83-85BD98F33099}.Debug|Any CPU.Build.0 = Debug|Any CPU
		{30EC3E99-08D6-4476-AA83-85BD98F33099}.Debug|x64.ActiveCfg = Debug|Any CPU
		{30EC3E99-08D6-4476-AA83-85BD98F33099}.Debug|x64.Build.0 = Debug|Any CPU
		{30EC3E99-08D6-4476-AA83-85BD98F33099}.Debug|x86.ActiveCfg = Debug|Any CPU
		{30EC3E99-08D6-4476-AA83-85BD98F33099}.Debug|x86.Build.0 = Debug|Any CPU
		{30EC3E99-08D6-4476-AA83-85BD98F33099}.Release|Any CPU.ActiveCfg = Release|Any CPU
		{30EC3E99-08D6-4476-AA83-85BD98F33099}.Release|Any CPU.Build.0 = Release|Any CPU
		{30EC3E99-08D6-4476-AA83-85BD98F33099}.Release|x64.ActiveCfg = Release|Any CPU
		{30EC3E99-08D6-4476-AA83-85BD98F33099}.Release|x64.Build.0 = Release|Any CPU
		{30EC3E99-08D6-4476-AA83-85BD98F33099}.Release|x86.ActiveCfg = Release|Any CPU
		{30EC3E99-08D6-4476-AA83-85BD98F33099}.Release|x86.Build.0 = Release|Any CPU
		{0D4468CF-6BCF-472E-9F07-B29351BCA451}.Debug|Any CPU.ActiveCfg = Debug|Any CPU
		{0D4468CF-6BCF-472E-9F07-B29351BCA451}.Debug|Any CPU.Build.0 = Debug|Any CPU
		{0D4468CF-6BCF-472E-9F07-B29351BCA451}.Debug|x64.ActiveCfg = Debug|Any CPU
		{0D4468CF-6BCF-472E-9F07-B29351BCA451}.Debug|x64.Build.0 = Debug|Any CPU
		{0D4468CF-6BCF-472E-9F07-B29351BCA451}.Debug|x86.ActiveCfg = Debug|Any CPU
		{0D4468CF-6BCF-472E-9F07-B29351BCA451}.Debug|x86.Build.0 = Debug|Any CPU
		{0D4468CF-6BCF-472E-9F07-B29351BCA451}.Release|Any CPU.ActiveCfg = Release|Any CPU
		{0D4468CF-6BCF-472E-9F07-B29351BCA451}.Release|Any CPU.Build.0 = Release|Any CPU
		{0D4468CF-6BCF-472E-9F07-B29351BCA451}.Release|x64.ActiveCfg = Release|Any CPU
		{0D4468CF-6BCF-472E-9F07-B29351BCA451}.Release|x64.Build.0 = Release|Any CPU
		{0D4468CF-6BCF-472E-9F07-B29351BCA451}.Release|x86.ActiveCfg = Release|Any CPU
		{0D4468CF-6BCF-472E-9F07-B29351BCA451}.Release|x86.Build.0 = Release|Any CPU
		{21B95CCE-448D-4E52-8788-933C6F28185E}.Debug|Any CPU.ActiveCfg = Debug|Any CPU
		{21B95CCE-448D-4E52-8788-933C6F28185E}.Debug|Any CPU.Build.0 = Debug|Any CPU
		{21B95CCE-448D-4E52-8788-933C6F28185E}.Debug|x64.ActiveCfg = Debug|Any CPU
		{21B95CCE-448D-4E52-8788-933C6F28185E}.Debug|x64.Build.0 = Debug|Any CPU
		{21B95CCE-448D-4E52-8788-933C6F28185E}.Debug|x86.ActiveCfg = Debug|Any CPU
		{21B95CCE-448D-4E52-8788-933C6F28185E}.Debug|x86.Build.0 = Debug|Any CPU
		{21B95CCE-448D-4E52-8788-933C6F28185E}.Release|Any CPU.ActiveCfg = Release|Any CPU
		{21B95CCE-448D-4E52-8788-933C6F28185E}.Release|Any CPU.Build.0 = Release|Any CPU
		{21B95CCE-448D-4E52-8788-933C6F28185E}.Release|x64.ActiveCfg = Release|Any CPU
		{21B95CCE-448D-4E52-8788-933C6F28185E}.Release|x64.Build.0 = Release|Any CPU
		{21B95CCE-448D-4E52-8788-933C6F28185E}.Release|x86.ActiveCfg = Release|Any CPU
		{21B95CCE-448D-4E52-8788-933C6F28185E}.Release|x86.Build.0 = Release|Any CPU
		{7B23DE0F-9B9D-40BF-913A-EE22B63317AE}.Debug|Any CPU.ActiveCfg = Debug|Any CPU
		{7B23DE0F-9B9D-40BF-913A-EE22B63317AE}.Debug|Any CPU.Build.0 = Debug|Any CPU
		{7B23DE0F-9B9D-40BF-913A-EE22B63317AE}.Debug|x64.ActiveCfg = Debug|Any CPU
		{7B23DE0F-9B9D-40BF-913A-EE22B63317AE}.Debug|x64.Build.0 = Debug|Any CPU
		{7B23DE0F-9B9D-40BF-913A-EE22B63317AE}.Debug|x86.ActiveCfg = Debug|Any CPU
		{7B23DE0F-9B9D-40BF-913A-EE22B63317AE}.Debug|x86.Build.0 = Debug|Any CPU
		{7B23DE0F-9B9D-40BF-913A-EE22B63317AE}.Release|Any CPU.ActiveCfg = Release|Any CPU
		{7B23DE0F-9B9D-40BF-913A-EE22B63317AE}.Release|Any CPU.Build.0 = Release|Any CPU
		{7B23DE0F-9B9D-40BF-913A-EE22B63317AE}.Release|x64.ActiveCfg = Release|Any CPU
		{7B23DE0F-9B9D-40BF-913A-EE22B63317AE}.Release|x64.Build.0 = Release|Any CPU
		{7B23DE0F-9B9D-40BF-913A-EE22B63317AE}.Release|x86.ActiveCfg = Release|Any CPU
		{7B23DE0F-9B9D-40BF-913A-EE22B63317AE}.Release|x86.Build.0 = Release|Any CPU
	EndGlobalSection
	GlobalSection(SolutionProperties) = preSolution
		HideSolutionNode = FALSE
	EndGlobalSection
	GlobalSection(NestedProjects) = preSolution
		{4F2745A1-FEA6-490D-8918-FD0BFBE0DC84} = {827E0CD3-B72D-47B6-A68D-7590B98EB39B}
		{036CFE70-FE77-471F-94BA-462BEB348179} = {827E0CD3-B72D-47B6-A68D-7590B98EB39B}
		{67F6318B-8BE7-48EB-A4F7-E249F030A19F} = {827E0CD3-B72D-47B6-A68D-7590B98EB39B}
		{48214FF1-44A3-4105-AA7C-B463E73F03D2} = {827E0CD3-B72D-47B6-A68D-7590B98EB39B}
		{30EC3E99-08D6-4476-AA83-85BD98F33099} = {0AB3BF05-4346-4AA6-1389-037BE0695223}
		{0D4468CF-6BCF-472E-9F07-B29351BCA451} = {0AB3BF05-4346-4AA6-1389-037BE0695223}
		{21B95CCE-448D-4E52-8788-933C6F28185E} = {0AB3BF05-4346-4AA6-1389-037BE0695223}
		{7B23DE0F-9B9D-40BF-913A-EE22B63317AE} = {0AB3BF05-4346-4AA6-1389-037BE0695223}
	EndGlobalSection
EndGlobal
